
Microsoft Visual Studio Solution File, Format Version 12.00
Project("{FAE04EC0-301F-11D3-BF4B-00C04F79EFBC}") = "Quiz.WebApi", "Quiz.WebApi\Quiz.WebApi.csproj", "{36EBC20A-BA51-4E19-834B-16BDFE70283B}"
EndProject
Project("{FAE04EC0-301F-11D3-BF4B-00C04F79EFBC}") = "Quiz.Models", "Quiz.Models\Quiz.Models.csproj", "{6810B2F9-D0DF-4F65-AB57-711213AF2C21}"
EndProject
Global
	GlobalSection(SolutionConfigurationPlatforms) = preSolution
		Debug|Any CPU = Debug|Any CPU
		Release|Any CPU = Release|Any CPU
	EndGlobalSection
	GlobalSection(ProjectConfigurationPlatforms) = postSolution
		{36EBC20A-BA51-4E19-834B-16BDFE70283B}.Debug|Any CPU.ActiveCfg = Debug|Any CPU
		{36EBC20A-BA51-4E19-834B-16BDFE70283B}.Debug|Any CPU.Build.0 = Debug|Any CPU
		{36EBC20A-BA51-4E19-834B-16BDFE70283B}.Release|Any CPU.ActiveCfg = Release|Any CPU
		{36EBC20A-BA51-4E19-834B-16BDFE70283B}.Release|Any CPU.Build.0 = Release|Any CPU
		{6810B2F9-D0DF-4F65-AB57-711213AF2C21}.Debug|Any CPU.ActiveCfg = Debug|Any CPU
		{6810B2F9-D0DF-4F65-AB57-711213AF2C21}.Debug|Any CPU.Build.0 = Debug|Any CPU
		{6810B2F9-D0DF-4F65-AB57-711213AF2C21}.Release|Any CPU.ActiveCfg = Release|Any CPU
		{6810B2F9-D0DF-4F65-AB57-711213AF2C21}.Release|Any CPU.Build.0 = Release|Any CPU
	EndGlobalSection
EndGlobal
